
Microsoft Visual Studio Solution File, Format Version 12.00
# Visual Studio Version 17
VisualStudioVersion = 17.13.35931.197 d17.13
MinimumVisualStudioVersion = 10.0.40219.1
Project("{FAE04EC0-301F-11D3-BF4B-00C04F79EFBC}") = "MyWebERP.SKU", "MyWebERP.SKU.csproj", "{6EBF0F36-DBAA-315A-0ABA-F44A2C45BBDC}"
EndProject
Global
	GlobalSection(SolutionConfigurationPlatforms) = preSolution
		Debug|Any CPU = Debug|Any CPU
		Release|Any CPU = Release|Any CPU
	EndGlobalSection
	GlobalSection(ProjectConfigurationPlatforms) = postSolution
		{6EBF0F36-DBAA-315A-0ABA-F44A2C45BBDC}.Debug|Any CPU.ActiveCfg = Debug|Any CPU
		{6EBF0F36-DBAA-315A-0ABA-F44A2C45BBDC}.Debug|Any CPU.Build.0 = Debug|Any CPU
		{6EBF0F36-DBAA-315A-0ABA-F44A2C45BBDC}.Release|Any CPU.ActiveCfg = Release|Any CPU
		{6EBF0F36-DBAA-315A-0ABA-F44A2C45BBDC}.Release|Any CPU.Build.0 = Release|Any CPU
	EndGlobalSection
	GlobalSection(SolutionProperties) = preSolution
		HideSolutionNode = FALSE
	EndGlobalSection
	GlobalSection(ExtensibilityGlobals) = postSolution
		SolutionGuid = {DB321137-0417-4DAC-AC0C-F6293822BB06}
	EndGlobalSection
EndGlobal
